// !$*UTF8*$!
{
	archiveVersion = 1;
	classes = {
	};
	objectVersion = 55;
	objects = {

/* Begin PBXBuildFile section */
		8E4E5AD428DA3F7300050724 /* AppDelegate.swift in Sources */ = {isa = PBXBuildFile; fileRef = 8E4E5AD328DA3F7300050724 /* AppDelegate.swift */; };
		8E4E5AD628DA3F7300050724 /* SceneDelegate.swift in Sources */ = {isa = PBXBuildFile; fileRef = 8E4E5AD528DA3F7300050724 /* SceneDelegate.swift */; };
		8E4E5AD828DA3F7300050724 /* LoginViewController.swift in Sources */ = {isa = PBXBuildFile; fileRef = 8E4E5AD728DA3F7300050724 /* LoginViewController.swift */; };
		8E4E5ADB28DA3F7300050724 /* Main.storyboard in Resources */ = {isa = PBXBuildFile; fileRef = 8E4E5AD928DA3F7300050724 /* Main.storyboard */; };
		8E4E5ADD28DA3F7800050724 /* Assets.xcassets in Resources */ = {isa = PBXBuildFile; fileRef = 8E4E5ADC28DA3F7800050724 /* Assets.xcassets */; };
		8E4E5AE028DA3F7800050724 /* LaunchScreen.storyboard in Resources */ = {isa = PBXBuildFile; fileRef = 8E4E5ADE28DA3F7800050724 /* LaunchScreen.storyboard */; };
		8E4E5AE928DAEF8500050724 /* Client.swift in Sources */ = {isa = PBXBuildFile; fileRef = 8E4E5AE828DAEF8500050724 /* Client.swift */; };
		8E4E5AEC28DAF2F500050724 /* SupportingClientMethods.swift in Sources */ = {isa = PBXBuildFile; fileRef = 8E4E5AEB28DAF2F500050724 /* SupportingClientMethods.swift */; };
		8E4E5AF028DB009200050724 /* Responses.swift in Sources */ = {isa = PBXBuildFile; fileRef = 8E4E5AEF28DB009200050724 /* Responses.swift */; };
		8E4E5AF228DC48F100050724 /* StudentData.swift in Sources */ = {isa = PBXBuildFile; fileRef = 8E4E5AF128DC48F100050724 /* StudentData.swift */; };
		8E4E5AF428DC784A00050724 /* MapViewController.swift in Sources */ = {isa = PBXBuildFile; fileRef = 8E4E5AF328DC784A00050724 /* MapViewController.swift */; };
		8E4E5AF628DC851E00050724 /* TableViewController.swift in Sources */ = {isa = PBXBuildFile; fileRef = 8E4E5AF528DC851E00050724 /* TableViewController.swift */; };
		8E4E5AF828DC8AE500050724 /* AddLocationViewController.swift in Sources */ = {isa = PBXBuildFile; fileRef = 8E4E5AF728DC8AE500050724 /* AddLocationViewController.swift */; };
		8E4E5AFA28DC919800050724 /* SupportingVCMethods.swift in Sources */ = {isa = PBXBuildFile; fileRef = 8E4E5AF928DC919800050724 /* SupportingVCMethods.swift */; };
		8E4E5AFC28DC952900050724 /* ConfirmLocationViewController.swift in Sources */ = {isa = PBXBuildFile; fileRef = 8E4E5AFB28DC952900050724 /* ConfirmLocationViewController.swift */; };
		8E4E5AFE28DC9D8200050724 /* Location.swift in Sources */ = {isa = PBXBuildFile; fileRef = 8E4E5AFD28DC9D8200050724 /* Location.swift */; };
/* End PBXBuildFile section */

/* Begin PBXFileReference section */
		8E4E5AD028DA3F7300050724 /* On the map.app */ = {isa = PBXFileReference; explicitFileType = wrapper.application; includeInIndex = 0; path = "On the map.app"; sourceTree = BUILT_PRODUCTS_DIR; };
		8E4E5AD328DA3F7300050724 /* AppDelegate.swift */ = {isa = PBXFileReference; lastKnownFileType = sourcecode.swift; path = AppDelegate.swift; sourceTree = "<group>"; };
		8E4E5AD528DA3F7300050724 /* SceneDelegate.swift */ = {isa = PBXFileReference; lastKnownFileType = sourcecode.swift; path = SceneDelegate.swift; sourceTree = "<group>"; };
		8E4E5AD728DA3F7300050724 /* LoginViewController.swift */ = {isa = PBXFileReference; lastKnownFileType = sourcecode.swift; path = LoginViewController.swift; sourceTree = "<group>"; };
		8E4E5ADA28DA3F7300050724 /* Base */ = {isa = PBXFileReference; lastKnownFileType = file.storyboard; name = Base; path = Base.lproj/Main.storyboard; sourceTree = "<group>"; };
		8E4E5ADC28DA3F7800050724 /* Assets.xcassets */ = {isa = PBXFileReference; lastKnownFileType = folder.assetcatalog; path = Assets.xcassets; sourceTree = "<group>"; };
		8E4E5ADF28DA3F7800050724 /* Base */ = {isa = PBXFileReference; lastKnownFileType = file.storyboard; name = Base; path = Base.lproj/LaunchScreen.storyboard; sourceTree = "<group>"; };
		8E4E5AE128DA3F7800050724 /* Info.plist */ = {isa = PBXFileReference; lastKnownFileType = text.plist.xml; path = Info.plist; sourceTree = "<group>"; };
		8E4E5AE828DAEF8500050724 /* Client.swift */ = {isa = PBXFileReference; lastKnownFileType = sourcecode.swift; path = Client.swift; sourceTree = "<group>"; };
		8E4E5AEB28DAF2F500050724 /* SupportingClientMethods.swift */ = {isa = PBXFileReference; lastKnownFileType = sourcecode.swift; path = SupportingClientMethods.swift; sourceTree = "<group>"; };
		8E4E5AEF28DB009200050724 /* Responses.swift */ = {isa = PBXFileReference; lastKnownFileType = sourcecode.swift; path = Responses.swift; sourceTree = "<group>"; };
		8E4E5AF128DC48F100050724 /* StudentData.swift */ = {isa = PBXFileReference; lastKnownFileType = sourcecode.swift; path = StudentData.swift; sourceTree = "<group>"; };
		8E4E5AF328DC784A00050724 /* MapViewController.swift */ = {isa = PBXFileReference; lastKnownFileType = sourcecode.swift; path = MapViewController.swift; sourceTree = "<group>"; };
		8E4E5AF528DC851E00050724 /* TableViewController.swift */ = {isa = PBXFileReference; lastKnownFileType = sourcecode.swift; path = TableViewController.swift; sourceTree = "<group>"; };
		8E4E5AF728DC8AE500050724 /* AddLocationViewController.swift */ = {isa = PBXFileReference; lastKnownFileType = sourcecode.swift; path = AddLocationViewController.swift; sourceTree = "<group>"; };
		8E4E5AF928DC919800050724 /* SupportingVCMethods.swift */ = {isa = PBXFileReference; lastKnownFileType = sourcecode.swift; path = SupportingVCMethods.swift; sourceTree = "<group>"; };
		8E4E5AFB28DC952900050724 /* ConfirmLocationViewController.swift */ = {isa = PBXFileReference; lastKnownFileType = sourcecode.swift; path = ConfirmLocationViewController.swift; sourceTree = "<group>"; };
		8E4E5AFD28DC9D8200050724 /* Location.swift */ = {isa = PBXFileReference; lastKnownFileType = sourcecode.swift; path = Location.swift; sourceTree = "<group>"; };
/* End PBXFileReference section */

/* Begin PBXFrameworksBuildPhase section */
		8E4E5ACD28DA3F7300050724 /* Frameworks */ = {
			isa = PBXFrameworksBuildPhase;
			buildActionMask = 2147483647;
			files = (
			);
			runOnlyForDeploymentPostprocessing = 0;
		};
/* End PBXFrameworksBuildPhase section */

/* Begin PBXGroup section */
		8E4E5AC728DA3F7300050724 = {
			isa = PBXGroup;
			children = (
				8E4E5AD228DA3F7300050724 /* On the map */,
				8E4E5AD128DA3F7300050724 /* Products */,
			);
			sourceTree = "<group>";
		};
		8E4E5AD128DA3F7300050724 /* Products */ = {
			isa = PBXGroup;
			children = (
				8E4E5AD028DA3F7300050724 /* On the map.app */,
			);
			name = Products;
			sourceTree = "<group>";
		};
		8E4E5AD228DA3F7300050724 /* On the map */ = {
			isa = PBXGroup;
			children = (
				8E4E5AD328DA3F7300050724 /* AppDelegate.swift */,
				8E4E5AD528DA3F7300050724 /* SceneDelegate.swift */,
				8E4E5AEA28DAEF8B00050724 /* Model */,
				8E4E5AE728DA509200050724 /* Controller */,
				8E4E5AFF28DDB36F00050724 /* View */,
				8E4E5AE128DA3F7800050724 /* Info.plist */,
			);
			path = "On the map";
			sourceTree = "<group>";
		};
		8E4E5AE728DA509200050724 /* Controller */ = {
			isa = PBXGroup;
			children = (
				8E4E5AD728DA3F7300050724 /* LoginViewController.swift */,
				8E4E5AF328DC784A00050724 /* MapViewController.swift */,
				8E4E5AF528DC851E00050724 /* TableViewController.swift */,
				8E4E5AF728DC8AE500050724 /* AddLocationViewController.swift */,
				8E4E5AFB28DC952900050724 /* ConfirmLocationViewController.swift */,
				8E4E5AF928DC919800050724 /* SupportingVCMethods.swift */,
			);
			path = Controller;
			sourceTree = "<group>";
		};
		8E4E5AEA28DAEF8B00050724 /* Model */ = {
			isa = PBXGroup;
			children = (
				8E4E5AE828DAEF8500050724 /* Client.swift */,
				8E4E5AEB28DAF2F500050724 /* SupportingClientMethods.swift */,
				8E4E5AEF28DB009200050724 /* Responses.swift */,
				8E4E5AF128DC48F100050724 /* StudentData.swift */,
				8E4E5AFD28DC9D8200050724 /* Location.swift */,
			);
			path = Model;
			sourceTree = "<group>";
		};
		8E4E5AFF28DDB36F00050724 /* View */ = {
			isa = PBXGroup;
			children = (
				8E4E5AD928DA3F7300050724 /* Main.storyboard */,
				8E4E5ADC28DA3F7800050724 /* Assets.xcassets */,
				8E4E5ADE28DA3F7800050724 /* LaunchScreen.storyboard */,
			);
			path = View;
			sourceTree = "<group>";
		};
/* End PBXGroup section */

/* Begin PBXNativeTarget section */
		8E4E5ACF28DA3F7300050724 /* On the map */ = {
			isa = PBXNativeTarget;
			buildConfigurationList = 8E4E5AE428DA3F7800050724 /* Build configuration list for PBXNativeTarget "On the map" */;
			buildPhases = (
				8E4E5ACC28DA3F7300050724 /* Sources */,
				8E4E5ACD28DA3F7300050724 /* Frameworks */,
				8E4E5ACE28DA3F7300050724 /* Resources */,
			);
			buildRules = (
			);
			dependencies = (
			);
			name = "On the map";
			productName = On_the_Map_AK_V1.3;
			productReference = 8E4E5AD028DA3F7300050724 /* On the map.app */;
			productType = "com.apple.product-type.application";
		};
/* End PBXNativeTarget section */

/* Begin PBXProject section */
		8E4E5AC828DA3F7300050724 /* Project object */ = {
			isa = PBXProject;
			attributes = {
				BuildIndependentTargetsInParallel = 1;
				LastSwiftUpdateCheck = 1340;
				LastUpgradeCheck = 1340;
				TargetAttributes = {
					8E4E5ACF28DA3F7300050724 = {
						CreatedOnToolsVersion = 13.4.1;
					};
				};
			};
			buildConfigurationList = 8E4E5ACB28DA3F7300050724 /* Build configuration list for PBXProject "On the map" */;
			compatibilityVersion = "Xcode 13.0";
			developmentRegion = en;
			hasScannedForEncodings = 0;
			knownRegions = (
				en,
				Base,
			);
			mainGroup = 8E4E5AC728DA3F7300050724;
			productRefGroup = 8E4E5AD128DA3F7300050724 /* Products */;
			projectDirPath = "";
			projectRoot = "";
			targets = (
				8E4E5ACF28DA3F7300050724 /* On the map */,
			);
		};
/* End PBXProject section */

/* Begin PBXResourcesBuildPhase section */
		8E4E5ACE28DA3F7300050724 /* Resources */ = {
			isa = PBXResourcesBuildPhase;
			buildActionMask = 2147483647;
			files = (
				8E4E5AE028DA3F7800050724 /* LaunchScreen.storyboard in Resources */,
				8E4E5ADD28DA3F7800050724 /* Assets.xcassets in Resources */,
				8E4E5ADB28DA3F7300050724 /* Main.storyboard in Resources */,
			);
			runOnlyForDeploymentPostprocessing = 0;
		};
/* End PBXResourcesBuildPhase section */

/* Begin PBXSourcesBuildPhase section */
		8E4E5ACC28DA3F7300050724 /* Sources */ = {
			isa = PBXSourcesBuildPhase;
			buildActionMask = 2147483647;
			files = (
				8E4E5AF028DB009200050724 /* Responses.swift in Sources */,
				8E4E5AD828DA3F7300050724 /* LoginViewController.swift in Sources */,
				8E4E5AF228DC48F100050724 /* StudentData.swift in Sources */,
				8E4E5AD428DA3F7300050724 /* AppDelegate.swift in Sources */,
				8E4E5AEC28DAF2F500050724 /* SupportingClientMethods.swift in Sources */,
				8E4E5AE928DAEF8500050724 /* Client.swift in Sources */,
				8E4E5AFE28DC9D8200050724 /* Location.swift in Sources */,
				8E4E5AD628DA3F7300050724 /* SceneDelegate.swift in Sources */,
				8E4E5AF828DC8AE500050724 /* AddLocationViewController.swift in Sources */,
				8E4E5AFC28DC952900050724 /* ConfirmLocationViewController.swift in Sources */,
				8E4E5AF628DC851E00050724 /* TableViewController.swift in Sources */,
				8E4E5AF428DC784A00050724 /* MapViewController.swift in Sources */,
				8E4E5AFA28DC919800050724 /* SupportingVCMethods.swift in Sources */,
			);
			runOnlyForDeploymentPostprocessing = 0;
		};
/* End PBXSourcesBuildPhase section */

/* Begin PBXVariantGroup section */
		8E4E5AD928DA3F7300050724 /* Main.storyboard */ = {
			isa = PBXVariantGroup;
			children = (
				8E4E5ADA28DA3F7300050724 /* Base */,
			);
			name = Main.storyboard;
			sourceTree = "<group>";
		};
		8E4E5ADE28DA3F7800050724 /* LaunchScreen.storyboard */ = {
			isa = PBXVariantGroup;
			children = (
				8E4E5ADF28DA3F7800050724 /* Base */,
			);
			name = LaunchScreen.storyboard;
			sourceTree = "<group>";
		};
/* End PBXVariantGroup section */

/* Begin XCBuildConfiguration section */
		8E4E5AE228DA3F7800050724 /* Debug */ = {
			isa = XCBuildConfiguration;
			buildSettings = {
				ALWAYS_SEARCH_USER_PATHS = NO;
				CLANG_ANALYZER_NONNULL = YES;
				CLANG_ANALYZER_NUMBER_OBJECT_CONVERSION = YES_AGGRESSIVE;
				CLANG_CXX_LANGUAGE_STANDARD = "gnu++17";
				CLANG_ENABLE_MODULES = YES;
				CLANG_ENABLE_OBJC_ARC = YES;
				CLANG_ENABLE_OBJC_WEAK = YES;
				CLANG_WARN_BLOCK_CAPTURE_AUTORELEASING = YES;
				CLANG_WARN_BOOL_CONVERSION = YES;
				CLANG_WARN_COMMA = YES;
				CLANG_WARN_CONSTANT_CONVERSION = YES;
				CLANG_WARN_DEPRECATED_OBJC_IMPLEMENTATIONS = YES;
				CLANG_WARN_DIRECT_OBJC_ISA_USAGE = YES_ERROR;
				CLANG_WARN_DOCUMENTATION_COMMENTS = YES;
				CLANG_WARN_EMPTY_BODY = YES;
				CLANG_WARN_ENUM_CONVERSION = YES;
				CLANG_WARN_INFINITE_RECURSION = YES;
				CLANG_WARN_INT_CONVERSION = YES;
				CLANG_WARN_NON_LITERAL_NULL_CONVERSION = YES;
				CLANG_WARN_OBJC_IMPLICIT_RETAIN_SELF = YES;
				CLANG_WARN_OBJC_LITERAL_CONVERSION = YES;
				CLANG_WARN_OBJC_ROOT_CLASS = YES_ERROR;
				CLANG_WARN_QUOTED_INCLUDE_IN_FRAMEWORK_HEADER = YES;
				CLANG_WARN_RANGE_LOOP_ANALYSIS = YES;
				CLANG_WARN_STRICT_PROTOTYPES = YES;
				CLANG_WARN_SUSPICIOUS_MOVE = YES;
				CLANG_WARN_UNGUARDED_AVAILABILITY = YES_AGGRESSIVE;
				CLANG_WARN_UNREACHABLE_CODE = YES;
				CLANG_WARN__DUPLICATE_METHOD_MATCH = YES;
				COPY_PHASE_STRIP = NO;
				DEBUG_INFORMATION_FORMAT = dwarf;
				ENABLE_STRICT_OBJC_MSGSEND = YES;
				ENABLE_TESTABILITY = YES;
				GCC_C_LANGUAGE_STANDARD = gnu11;
				GCC_DYNAMIC_NO_PIC = NO;
				GCC_NO_COMMON_BLOCKS = YES;
				GCC_OPTIMIZATION_LEVEL = 0;
				GCC_PREPROCESSOR_DEFINITIONS = (
					"DEBUG=1",
					"$(inherited)",
				);
				GCC_WARN_64_TO_32_BIT_CONVERSION = YES;
				GCC_WARN_ABOUT_RETURN_TYPE = YES_ERROR;
				GCC_WARN_UNDECLARED_SELECTOR = YES;
				GCC_WARN_UNINITIALIZED_AUTOS = YES_AGGRESSIVE;
				GCC_WARN_UNUSED_FUNCTION = YES;
				GCC_WARN_UNUSED_VARIABLE = YES;
				IPHONEOS_DEPLOYMENT_TARGET = 15.5;
				MTL_ENABLE_DEBUG_INFO = INCLUDE_SOURCE;
				MTL_FAST_MATH = YES;
				ONLY_ACTIVE_ARCH = YES;
				SDKROOT = iphoneos;
				SWIFT_ACTIVE_COMPILATION_CONDITIONS = DEBUG;
				SWIFT_OPTIMIZATION_LEVEL = "-Onone";
			};
			name = Debug;
		};
		8E4E5AE328DA3F7800050724 /* Release */ = {
			isa = XCBuildConfiguration;
			buildSettings = {
				ALWAYS_SEARCH_USER_PATHS = NO;
				CLANG_ANALYZER_NONNULL = YES;
				CLANG_ANALYZER_NUMBER_OBJECT_CONVERSION = YES_AGGRESSIVE;
				CLANG_CXX_LANGUAGE_STANDARD = "gnu++17";
				CLANG_ENABLE_MODULES = YES;
				CLANG_ENABLE_OBJC_ARC = YES;
				CLANG_ENABLE_OBJC_WEAK = YES;
				CLANG_WARN_BLOCK_CAPTURE_AUTORELEASING = YES;
				CLANG_WARN_BOOL_CONVERSION = YES;
				CLANG_WARN_COMMA = YES;
				CLANG_WARN_CONSTANT_CONVERSION = YES;
				CLANG_WARN_DEPRECATED_OBJC_IMPLEMENTATIONS = YES;
				CLANG_WARN_DIRECT_OBJC_ISA_USAGE = YES_ERROR;
				CLANG_WARN_DOCUMENTATION_COMMENTS = YES;
				CLANG_WARN_EMPTY_BODY = YES;
				CLANG_WARN_ENUM_CONVERSION = YES;
				CLANG_WARN_INFINITE_RECURSION = YES;
				CLANG_WARN_INT_CONVERSION = YES;
				CLANG_WARN_NON_LITERAL_NULL_CONVERSION = YES;
				CLANG_WARN_OBJC_IMPLICIT_RETAIN_SELF = YES;
				CLANG_WARN_OBJC_LITERAL_CONVERSION = YES;
				CLANG_WARN_OBJC_ROOT_CLASS = YES_ERROR;
				CLANG_WARN_QUOTED_INCLUDE_IN_FRAMEWORK_HEADER = YES;
				CLANG_WARN_RANGE_LOOP_ANALYSIS = YES;
				CLANG_WARN_STRICT_PROTOTYPES = YES;
				CLANG_WARN_SUSPICIOUS_MOVE = YES;
				CLANG_WARN_UNGUARDED_AVAILABILITY = YES_AGGRESSIVE;
				CLANG_WARN_UNREACHABLE_CODE = YES;
				CLANG_WARN__DUPLICATE_METHOD_MATCH = YES;
				COPY_PHASE_STRIP = NO;
				DEBUG_INFORMATION_FORMAT = "dwarf-with-dsym";
				ENABLE_NS_ASSERTIONS = NO;
				ENABLE_STRICT_OBJC_MSGSEND = YES;
				GCC_C_LANGUAGE_STANDARD = gnu11;
				GCC_NO_COMMON_BLOCKS = YES;
				GCC_WARN_64_TO_32_BIT_CONVERSION = YES;
				GCC_WARN_ABOUT_RETURN_TYPE = YES_ERROR;
				GCC_WARN_UNDECLARED_SELECTOR = YES;
				GCC_WARN_UNINITIALIZED_AUTOS = YES_AGGRESSIVE;
				GCC_WARN_UNUSED_FUNCTION = YES;
				GCC_WARN_UNUSED_VARIABLE = YES;
				IPHONEOS_DEPLOYMENT_TARGET = 15.5;
				MTL_ENABLE_DEBUG_INFO = NO;
				MTL_FAST_MATH = YES;
				SDKROOT = iphoneos;
				SWIFT_COMPILATION_MODE = wholemodule;
				SWIFT_OPTIMIZATION_LEVEL = "-O";
				VALIDATE_PRODUCT = YES;
			};
			name = Release;
		};
		8E4E5AE528DA3F7800050724 /* Debug */ = {
			isa = XCBuildConfiguration;
			buildSettings = {
				ASSETCATALOG_COMPILER_APPICON_NAME = AppIcon;
				ASSETCATALOG_COMPILER_GLOBAL_ACCENT_COLOR_NAME = AccentColor;
				CODE_SIGN_STYLE = Automatic;
				CURRENT_PROJECT_VERSION = 1;
				GENERATE_INFOPLIST_FILE = YES;
				INFOPLIST_FILE = "On the map/Info.plist";
				INFOPLIST_KEY_UIApplicationSupportsIndirectInputEvents = YES;
				INFOPLIST_KEY_UILaunchStoryboardName = LaunchScreen;
				INFOPLIST_KEY_UIMainStoryboardFile = Main;
				INFOPLIST_KEY_UISupportedInterfaceOrientations = UIInterfaceOrientationPortrait;
				INFOPLIST_KEY_UISupportedInterfaceOrientations_iPad = "UIInterfaceOrientationPortrait UIInterfaceOrientationPortraitUpsideDown UIInterfaceOrientationLandscapeLeft UIInterfaceOrientationLandscapeRight";
				INFOPLIST_KEY_UISupportedInterfaceOrientations_iPhone = "UIInterfaceOrientationPortrait UIInterfaceOrientationLandscapeLeft UIInterfaceOrientationLandscapeRight";
				LD_RUNPATH_SEARCH_PATHS = (
					"$(inherited)",
					"@executable_path/Frameworks",
				);
				MARKETING_VERSION = 1.0;
				PRODUCT_BUNDLE_IDENTIFIER = "AK.On the map";
				PRODUCT_NAME = "$(TARGET_NAME)";
				SWIFT_EMIT_LOC_STRINGS = YES;
				SWIFT_VERSION = 5.0;
				TARGETED_DEVICE_FAMILY = "1,2";
			};
			name = Debug;
		};
		8E4E5AE628DA3F7800050724 /* Release */ = {
			isa = XCBuildConfiguration;
			buildSettings = {
				ASSETCATALOG_COMPILER_APPICON_NAME = AppIcon;
				ASSETCATALOG_COMPILER_GLOBAL_ACCENT_COLOR_NAME = AccentColor;
				CODE_SIGN_STYLE = Automatic;
				CURRENT_PROJECT_VERSION = 1;
				GENERATE_INFOPLIST_FILE = YES;
				INFOPLIST_FILE = "On the map/Info.plist";
				INFOPLIST_KEY_UIApplicationSupportsIndirectInputEvents = YES;
				INFOPLIST_KEY_UILaunchStoryboardName = LaunchScreen;
				INFOPLIST_KEY_UIMainStoryboardFile = Main;
				INFOPLIST_KEY_UISupportedInterfaceOrientations = UIInterfaceOrientationPortrait;
				INFOPLIST_KEY_UISupportedInterfaceOrientations_iPad = "UIInterfaceOrientationPortrait UIInterfaceOrientationPortraitUpsideDown UIInterfaceOrientationLandscapeLeft UIInterfaceOrientationLandscapeRight";
				INFOPLIST_KEY_UISupportedInterfaceOrientations_iPhone = "UIInterfaceOrientationPortrait UIInterfaceOrientationLandscapeLeft UIInterfaceOrientationLandscapeRight";
				LD_RUNPATH_SEARCH_PATHS = (
					"$(inherited)",
					"@executable_path/Frameworks",
				);
				MARKETING_VERSION = 1.0;
				PRODUCT_BUNDLE_IDENTIFIER = "AK.On the map";
				PRODUCT_NAME = "$(TARGET_NAME)";
				SWIFT_EMIT_LOC_STRINGS = YES;
				SWIFT_VERSION = 5.0;
				TARGETED_DEVICE_FAMILY = "1,2";
			};
			name = Release;
		};
/* End XCBuildConfiguration section */

/* Begin XCConfigurationList section */
		8E4E5ACB28DA3F7300050724 /* Build configuration list for PBXProject "On the map" */ = {
			isa = XCConfigurationList;
			buildConfigurations = (
				8E4E5AE228DA3F7800050724 /* Debug */,
				8E4E5AE328DA3F7800050724 /* Release */,
			);
			defaultConfigurationIsVisible = 0;
			defaultConfigurationName = Release;
		};
		8E4E5AE428DA3F7800050724 /* Build configuration list for PBXNativeTarget "On the map" */ = {
			isa = XCConfigurationList;
			buildConfigurations = (
				8E4E5AE528DA3F7800050724 /* Debug */,
				8E4E5AE628DA3F7800050724 /* Release */,
			);
			defaultConfigurationIsVisible = 0;
			defaultConfigurationName = Release;
		};
/* End XCConfigurationList section */
	};
	rootObject = 8E4E5AC828DA3F7300050724 /* Project object */;
}
